
Microsoft Visual Studio Solution File, Format Version 12.00
# Visual Studio 2013
VisualStudioVersion = 12.0.31101.0
MinimumVisualStudioVersion = 10.0.40219.1
Project("{FAE04EC0-301F-11D3-BF4B-00C04F79EFBC}") = "WinFormInterface", "WinFormInterface\WinFormInterface.csproj", "{70E86FA9-97EB-40C0-AA3E-239A398412AA}"
EndProject
Project("{FAE04EC0-301F-11D3-BF4B-00C04F79EFBC}") = "IModels", "DAOInterface\IModels.csproj", "{87AB922A-B472-426A-8B99-750916190262}"
EndProject
Project("{FAE04EC0-301F-11D3-BF4B-00C04F79EFBC}") = "ViewModels", "ViewModels\ViewModels.csproj", "{8541934A-B3EB-472A-AA3A-DD3F7AF40398}"
EndProject
Project("{2150E333-8FDC-42A3-9474-1A3956D46DE8}") = "CoucheDAO", "CoucheDAO", "{142DCE6B-FA2B-4579-9BFC-039602402AC4}"
EndProject
Project("{2150E333-8FDC-42A3-9474-1A3956D46DE8}") = "Couche Modèles (DAO)", "Couche Modèles (DAO)", "{9038644C-4640-4664-87F7-7212D87BF49F}"
EndProject
Project("{2150E333-8FDC-42A3-9474-1A3956D46DE8}") = "Couche ViewModèles (DTO)", "Couche ViewModèles (DTO)", "{ED562968-42DE-41D1-9C3F-6BFAF6977524}"
EndProject
Project("{2150E333-8FDC-42A3-9474-1A3956D46DE8}") = "Couche Vues", "Couche Vues", "{F2B53188-D560-477A-A13C-7900161AD98F}"
EndProject
Project("{FAE04EC0-301F-11D3-BF4B-00C04F79EFBC}") = "DAOBuilder", "DAOBuilder\DAOBuilder.csproj", "{F67C6144-C630-4CEB-BF44-BD8EA2542FF4}"
EndProject
Project("{FAE04EC0-301F-11D3-BF4B-00C04F79EFBC}") = "DAOs", "DAOs\DAOs.csproj", "{E4AC6AA6-0EB1-4FC5-8768-D0C9002E52C7}"
EndProject
Project("{2150E333-8FDC-42A3-9474-1A3956D46DE8}") = "Solution Items", "Solution Items", "{ADD955BD-395F-46F1-ABFB-36D5C1E6692F}"
	ProjectSection(SolutionItems) = preProject
		AssemblyDependencies.dgml = AssemblyDependencies.dgml
	EndProjectSection
EndProject
Global
	GlobalSection(SolutionConfigurationPlatforms) = preSolution
		Debug|Any CPU = Debug|Any CPU
		Release|Any CPU = Release|Any CPU
	EndGlobalSection
	GlobalSection(ProjectConfigurationPlatforms) = postSolution
		{70E86FA9-97EB-40C0-AA3E-239A398412AA}.Debug|Any CPU.ActiveCfg = Debug|Any CPU
		{70E86FA9-97EB-40C0-AA3E-239A398412AA}.Debug|Any CPU.Build.0 = Debug|Any CPU
		{70E86FA9-97EB-40C0-AA3E-239A398412AA}.Release|Any CPU.ActiveCfg = Release|Any CPU
		{70E86FA9-97EB-40C0-AA3E-239A398412AA}.Release|Any CPU.Build.0 = Release|Any CPU
		{87AB922A-B472-426A-8B99-750916190262}.Debug|Any CPU.ActiveCfg = Debug|Any CPU
		{87AB922A-B472-426A-8B99-750916190262}.Debug|Any CPU.Build.0 = Debug|Any CPU
		{87AB922A-B472-426A-8B99-750916190262}.Release|Any CPU.ActiveCfg = Release|Any CPU
		{87AB922A-B472-426A-8B99-750916190262}.Release|Any CPU.Build.0 = Release|Any CPU
		{8541934A-B3EB-472A-AA3A-DD3F7AF40398}.Debug|Any CPU.ActiveCfg = Debug|Any CPU
		{8541934A-B3EB-472A-AA3A-DD3F7AF40398}.Debug|Any CPU.Build.0 = Debug|Any CPU
		{8541934A-B3EB-472A-AA3A-DD3F7AF40398}.Release|Any CPU.ActiveCfg = Release|Any CPU
		{8541934A-B3EB-472A-AA3A-DD3F7AF40398}.Release|Any CPU.Build.0 = Release|Any CPU
		{F67C6144-C630-4CEB-BF44-BD8EA2542FF4}.Debug|Any CPU.ActiveCfg = Debug|Any CPU
		{F67C6144-C630-4CEB-BF44-BD8EA2542FF4}.Debug|Any CPU.Build.0 = Debug|Any CPU
		{F67C6144-C630-4CEB-BF44-BD8EA2542FF4}.Release|Any CPU.ActiveCfg = Release|Any CPU
		{F67C6144-C630-4CEB-BF44-BD8EA2542FF4}.Release|Any CPU.Build.0 = Release|Any CPU
		{E4AC6AA6-0EB1-4FC5-8768-D0C9002E52C7}.Debug|Any CPU.ActiveCfg = Debug|Any CPU
		{E4AC6AA6-0EB1-4FC5-8768-D0C9002E52C7}.Debug|Any CPU.Build.0 = Debug|Any CPU
		{E4AC6AA6-0EB1-4FC5-8768-D0C9002E52C7}.Release|Any CPU.ActiveCfg = Release|Any CPU
		{E4AC6AA6-0EB1-4FC5-8768-D0C9002E52C7}.Release|Any CPU.Build.0 = Release|Any CPU
	EndGlobalSection
	GlobalSection(SolutionProperties) = preSolution
		HideSolutionNode = FALSE
	EndGlobalSection
	GlobalSection(NestedProjects) = preSolution
		{70E86FA9-97EB-40C0-AA3E-239A398412AA} = {F2B53188-D560-477A-A13C-7900161AD98F}
		{87AB922A-B472-426A-8B99-750916190262} = {9038644C-4640-4664-87F7-7212D87BF49F}
		{8541934A-B3EB-472A-AA3A-DD3F7AF40398} = {ED562968-42DE-41D1-9C3F-6BFAF6977524}
		{142DCE6B-FA2B-4579-9BFC-039602402AC4} = {9038644C-4640-4664-87F7-7212D87BF49F}
		{F67C6144-C630-4CEB-BF44-BD8EA2542FF4} = {142DCE6B-FA2B-4579-9BFC-039602402AC4}
		{E4AC6AA6-0EB1-4FC5-8768-D0C9002E52C7} = {142DCE6B-FA2B-4579-9BFC-039602402AC4}
	EndGlobalSection
EndGlobal
